<?xml version="1.0" encoding="utf-8"?>
<Project ToolsVersion="4.0" xmlns="http://schemas.microsoft.com/developer/msbuild/2003">
  <ItemGroup>
    <Filter Include="소스 파일">
      <UniqueIdentifier>{4FC737F1-C7A5-4376-A066-2A32D752A2FF}</UniqueIdentifier>
      <Extensions>cpp;c;cc;cxx;def;odl;idl;hpj;bat;asm;asmx</Extensions>
    </Filter>
    <Filter Include="헤더 파일">
      <UniqueIdentifier>{93995380-89BD-4b04-88EB-625FBE52EBFB}</UniqueIdentifier>
      <Extensions>h;hh;hpp;hxx;hm;inl;inc;xsd</Extensions>
    </Filter>
    <Filter Include="리소스 파일">
      <UniqueIdentifier>{67DA6AB6-F800-4c08-8B7A-83BB121AAD01}</UniqueIdentifier>
      <Extensions>rc;ico;cur;bmp;dlg;rc2;rct;bin;rgs;gif;jpg;jpeg;jpe;resx;tiff;tif;png;wav;mfcribbon-ms</Extensions>
    </Filter>
  </ItemGroup>
  <ItemGroup>
    <Text Include="ReadMe.txt" />
  </ItemGroup>
  <ItemGroup>
    <ClInclude Include="LATS.h">
      <Filter>헤더 파일</Filter>
    </ClInclude>
    <ClInclude Include="DlgMainFrame.h">
      <Filter>헤더 파일</Filter>
    </ClInclude>
    <ClInclude Include="stdafx.h">
      <Filter>헤더 파일</Filter>
    </ClInclude>
    <ClInclude Include="targetver.h">
      <Filter>헤더 파일</Filter>
    </ClInclude>
    <ClInclude Include="Resource.h">
      <Filter>헤더 파일</Filter>
    </ClInclude>
    <ClInclude Include="MyCaptionButton.h">
      <Filter>헤더 파일</Filter>
    </ClInclude>
    <ClInclude Include="DlgCaption.h">
      <Filter>헤더 파일</Filter>
    </ClInclude>
    <ClInclude Include="LATSManager.h">
      <Filter>헤더 파일</Filter>
    </ClInclude>
    <ClInclude Include="LATSReference.h">
      <Filter>헤더 파일</Filter>
    </ClInclude>
    <ClInclude Include="ApiKiwoom.h">
      <Filter>헤더 파일</Filter>
    </ClInclude>
    <ClInclude Include="DlgChildBase.h">
      <Filter>헤더 파일</Filter>
    </ClInclude>
    <ClInclude Include="DlgStrategyInfo.h">
      <Filter>헤더 파일</Filter>
    </ClInclude>
    <ClInclude Include="DlgStrategyFrame.h">
      <Filter>헤더 파일</Filter>
    </ClInclude>
    <ClInclude Include="DlgStrategyMain.h">
      <Filter>헤더 파일</Filter>
    </ClInclude>
    <ClInclude Include="DlgStrategySaver.h">
      <Filter>헤더 파일</Filter>
    </ClInclude>
    <ClInclude Include="DlgStrategyScroll.h">
      <Filter>헤더 파일</Filter>
    </ClInclude>
    <ClInclude Include="DlgScrollBase.h">
      <Filter>헤더 파일</Filter>
    </ClInclude>
    <ClInclude Include="MyImageScrollBar.h">
      <Filter>헤더 파일</Filter>
    </ClInclude>
    <ClInclude Include="DlgStrategyScrollFrame.h">
      <Filter>헤더 파일</Filter>
    </ClInclude>
    <ClInclude Include="..\..\..\..\각종 클래스\ClassTestDialog\ClassTestDialog\MyComboBox.h">
      <Filter>헤더 파일</Filter>
    </ClInclude>
    <ClInclude Include="..\..\..\..\각종 클래스\ClassTestDialog\ClassTestDialog\MyEdit.h">
      <Filter>헤더 파일</Filter>
    </ClInclude>
    <ClInclude Include="..\..\..\..\각종 클래스\ClassTestDialog\ClassTestDialog\MyImageTextButton.h">
      <Filter>헤더 파일</Filter>
    </ClInclude>
    <ClInclude Include="DlgUserInfo.h">
      <Filter>헤더 파일</Filter>
    </ClInclude>
    <ClInclude Include="DlgHistory.h">
      <Filter>헤더 파일</Filter>
    </ClInclude>
    <ClInclude Include="MyComboBox.h">
      <Filter>헤더 파일</Filter>
    </ClInclude>
    <ClInclude Include="MyEdit.h">
      <Filter>헤더 파일</Filter>
    </ClInclude>
    <ClInclude Include="MyImageTextButton.h">
      <Filter>헤더 파일</Filter>
    </ClInclude>
  </ItemGroup>
  <ItemGroup>
    <ClCompile Include="LATS.cpp">
      <Filter>소스 파일</Filter>
    </ClCompile>
    <ClCompile Include="DlgMainFrame.cpp">
      <Filter>소스 파일</Filter>
    </ClCompile>
    <ClCompile Include="stdafx.cpp">
      <Filter>소스 파일</Filter>
    </ClCompile>
    <ClCompile Include="MyCaptionButton.cpp">
      <Filter>소스 파일</Filter>
    </ClCompile>
    <ClCompile Include="DlgCaption.cpp">
      <Filter>소스 파일</Filter>
    </ClCompile>
    <ClCompile Include="LATSManager.cpp">
      <Filter>소스 파일</Filter>
    </ClCompile>
    <ClCompile Include="ApiKiwoom.cpp">
      <Filter>소스 파일</Filter>
    </ClCompile>
    <ClCompile Include="DlgChildBase.cpp">
      <Filter>소스 파일</Filter>
    </ClCompile>
    <ClCompile Include="DlgStrategyInfo.cpp">
      <Filter>소스 파일</Filter>
    </ClCompile>
    <ClCompile Include="DlgStrategyFrame.cpp">
      <Filter>소스 파일</Filter>
    </ClCompile>
    <ClCompile Include="DlgStrategyMain.cpp">
      <Filter>소스 파일</Filter>
    </ClCompile>
    <ClCompile Include="DlgStrategySaver.cpp">
      <Filter>소스 파일</Filter>
    </ClCompile>
    <ClCompile Include="DlgStrategyScroll.cpp">
      <Filter>소스 파일</Filter>
    </ClCompile>
    <ClCompile Include="DlgScrollBase.cpp">
      <Filter>소스 파일</Filter>
    </ClCompile>
    <ClCompile Include="MyImageScrollBar.cpp">
      <Filter>소스 파일</Filter>
    </ClCompile>
    <ClCompile Include="DlgStrategyScrollFrame.cpp">
      <Filter>소스 파일</Filter>
    </ClCompile>
    <ClCompile Include="..\..\..\..\각종 클래스\ClassTestDialog\ClassTestDialog\MyComboBox.cpp">
      <Filter>소스 파일</Filter>
    </ClCompile>
    <ClCompile Include="..\..\..\..\각종 클래스\ClassTestDialog\ClassTestDialog\MyEdit.cpp">
      <Filter>소스 파일</Filter>
    </ClCompile>
    <ClCompile Include="..\..\..\..\각종 클래스\ClassTestDialog\ClassTestDialog\MyImageTextButton.cpp">
      <Filter>소스 파일</Filter>
    </ClCompile>
    <ClCompile Include="DlgUserInfo.cpp">
      <Filter>소스 파일</Filter>
    </ClCompile>
    <ClCompile Include="DlgHistory.cpp">
      <Filter>소스 파일</Filter>
    </ClCompile>
    <ClCompile Include="MyComboBox.cpp">
      <Filter>소스 파일</Filter>
    </ClCompile>
    <ClCompile Include="MyEdit.cpp">
      <Filter>소스 파일</Filter>
    </ClCompile>
    <ClCompile Include="MyImageTextButton.cpp">
      <Filter>소스 파일</Filter>
    </ClCompile>
  </ItemGroup>
  <ItemGroup>
    <ResourceCompile Include="LATS.rc">
      <Filter>리소스 파일</Filter>
    </ResourceCompile>
  </ItemGroup>
  <ItemGroup>
    <None Include="res\LATS.rc2">
      <Filter>리소스 파일</Filter>
    </None>
  </ItemGroup>
  <ItemGroup>
    <Image Include="res\LATS.ico">
      <Filter>리소스 파일</Filter>
    </Image>
    <Image Include="res\Caption_Icon.bmp">
      <Filter>리소스 파일</Filter>
    </Image>
  </ItemGroup>
</Project>